github.com/TheManticoreProject/Manticore v1.1.5 h1:0LcNKCzngI8OS2jAoD6YBvjplUTPNFgT5rtsEU+SubQ=
github.com/TheManticoreProject/Manticore v1.1.5/go.mod h1:zAsoZpSvLrteAE7rR5sqG6/ffNfSM6L6ue7Af/fv1E0=
github.com/TheManticoreProject/goopts v1.2.4 h1:HTR+i6ZfcwTPSDltENayQvTH2fZP6cDx0GTBUp/RuPM=
github.com/TheManticoreProject/goopts v1.2.4/go.mod h1:NaM3hXXCeN+x9ZSlkS6Bm8i8Lfqe28/rveBsfrMUrAo=
github.com/TheManticoreProject/winacl v1.3.1 h1:LR8e914481tiGx/bvchieCq3rYQccoiBWApMR0DLWv0=
github.com/TheManticoreProject/winacl v1.3.1/go.mod h1:Xji/qLzY8AkdBNXRgOS7g+UBEuqMQBBZllr+rl7Hzko=
